
Microsoft Visual Studio Solution File, Format Version 12.00
# Visual Studio Version 17
VisualStudioVersion = 17.1.32421.90
MinimumVisualStudioVersion = 10.0.40219.1
Project("{FAE04EC0-301F-11D3-BF4B-00C04F79EFBC}") = "BookShelf", "BookShelf\BookShelf.csproj", "{24A2F909-E538-4B36-87DC-F79BBEECE9B9}"
EndProject
Global
	GlobalSection(SolutionConfigurationPlatforms) = preSolution
		Debug|Any CPU = Debug|Any CPU
		Release|Any CPU = Release|Any CPU
	EndGlobalSection
	GlobalSection(ProjectConfigurationPlatforms) = postSolution
		{24A2F909-E538-4B36-87DC-F79BBEECE9B9}.Debug|Any CPU.ActiveCfg = Debug|Any CPU
		{24A2F909-E538-4B36-87DC-F79BBEECE9B9}.Debug|Any CPU.Build.0 = Debug|Any CPU
		{24A2F909-E538-4B36-87DC-F79BBEECE9B9}.Release|Any CPU.ActiveCfg = Release|Any CPU
		{24A2F909-E538-4B36-87DC-F79BBEECE9B9}.Release|Any CPU.Build.0 = Release|Any CPU
	EndGlobalSection
	GlobalSection(SolutionProperties) = preSolution
		HideSolutionNode = FALSE
	EndGlobalSection
	GlobalSection(ExtensibilityGlobals) = postSolution
		SolutionGuid = {C1B2207E-7C05-4DC1-B499-D8B4707FFF82}
	EndGlobalSection
EndGlobal
